
Microsoft Visual Studio Solution File, Format Version 12.00
# Visual Studio Version 16
VisualStudioVersion = 16.6.30114.105
MinimumVisualStudioVersion = 10.0.40219.1
Project("{FAE04EC0-301F-11D3-BF4B-00C04F79EFBC}") = "MtgLibrary", "MtgLibrary\MtgLibrary.csproj", "{FEFFE956-464C-4DD5-8BCE-519E1CF09D07}"
EndProject
Project("{FAE04EC0-301F-11D3-BF4B-00C04F79EFBC}") = "MtgLibrary.Tests", "MtgLibrary.Tests\MtgLibrary.Tests.csproj", "{FEF2B71F-23BD-45B5-9B7A-041E43FE878D}"
EndProject
Project("{FAE04EC0-301F-11D3-BF4B-00C04F79EFBC}") = "MtgLibraryUI", "MtgLibraryUI\MtgLibraryUI.csproj", "{1EF8CC6D-78BF-41F2-A575-5E1AD6DB06FE}"
EndProject
Global
	GlobalSection(SolutionConfigurationPlatforms) = preSolution
		Debug|Any CPU = Debug|Any CPU
		Debug|x64 = Debug|x64
		Debug|x86 = Debug|x86
		Release|Any CPU = Release|Any CPU
		Release|x64 = Release|x64
		Release|x86 = Release|x86
	EndGlobalSection
	GlobalSection(SolutionProperties) = preSolution
		HideSolutionNode = FALSE
	EndGlobalSection
	GlobalSection(ProjectConfigurationPlatforms) = postSolution
		{FEFFE956-464C-4DD5-8BCE-519E1CF09D07}.Debug|Any CPU.ActiveCfg = Debug|Any CPU
		{FEFFE956-464C-4DD5-8BCE-519E1CF09D07}.Debug|Any CPU.Build.0 = Debug|Any CPU
		{FEFFE956-464C-4DD5-8BCE-519E1CF09D07}.Debug|x64.ActiveCfg = Debug|Any CPU
		{FEFFE956-464C-4DD5-8BCE-519E1CF09D07}.Debug|x64.Build.0 = Debug|Any CPU
		{FEFFE956-464C-4DD5-8BCE-519E1CF09D07}.Debug|x86.ActiveCfg = Debug|Any CPU
		{FEFFE956-464C-4DD5-8BCE-519E1CF09D07}.Debug|x86.Build.0 = Debug|Any CPU
		{FEFFE956-464C-4DD5-8BCE-519E1CF09D07}.Release|Any CPU.ActiveCfg = Release|Any CPU
		{FEFFE956-464C-4DD5-8BCE-519E1CF09D07}.Release|Any CPU.Build.0 = Release|Any CPU
		{FEFFE956-464C-4DD5-8BCE-519E1CF09D07}.Release|x64.ActiveCfg = Release|Any CPU
		{FEFFE956-464C-4DD5-8BCE-519E1CF09D07}.Release|x64.Build.0 = Release|Any CPU
		{FEFFE956-464C-4DD5-8BCE-519E1CF09D07}.Release|x86.ActiveCfg = Release|Any CPU
		{FEFFE956-464C-4DD5-8BCE-519E1CF09D07}.Release|x86.Build.0 = Release|Any CPU
		{FEF2B71F-23BD-45B5-9B7A-041E43FE878D}.Debug|Any CPU.ActiveCfg = Debug|Any CPU
		{FEF2B71F-23BD-45B5-9B7A-041E43FE878D}.Debug|Any CPU.Build.0 = Debug|Any CPU
		{FEF2B71F-23BD-45B5-9B7A-041E43FE878D}.Debug|x64.ActiveCfg = Debug|Any CPU
		{FEF2B71F-23BD-45B5-9B7A-041E43FE878D}.Debug|x64.Build.0 = Debug|Any CPU
		{FEF2B71F-23BD-45B5-9B7A-041E43FE878D}.Debug|x86.ActiveCfg = Debug|Any CPU
		{FEF2B71F-23BD-45B5-9B7A-041E43FE878D}.Debug|x86.Build.0 = Debug|Any CPU
		{FEF2B71F-23BD-45B5-9B7A-041E43FE878D}.Release|Any CPU.ActiveCfg = Release|Any CPU
		{FEF2B71F-23BD-45B5-9B7A-041E43FE878D}.Release|Any CPU.Build.0 = Release|Any CPU
		{FEF2B71F-23BD-45B5-9B7A-041E43FE878D}.Release|x64.ActiveCfg = Release|Any CPU
		{FEF2B71F-23BD-45B5-9B7A-041E43FE878D}.Release|x64.Build.0 = Release|Any CPU
		{FEF2B71F-23BD-45B5-9B7A-041E43FE878D}.Release|x86.ActiveCfg = Release|Any CPU
		{FEF2B71F-23BD-45B5-9B7A-041E43FE878D}.Release|x86.Build.0 = Release|Any CPU
		{1EF8CC6D-78BF-41F2-A575-5E1AD6DB06FE}.Debug|Any CPU.ActiveCfg = Debug|Any CPU
		{1EF8CC6D-78BF-41F2-A575-5E1AD6DB06FE}.Debug|Any CPU.Build.0 = Debug|Any CPU
		{1EF8CC6D-78BF-41F2-A575-5E1AD6DB06FE}.Debug|x64.ActiveCfg = Debug|Any CPU
		{1EF8CC6D-78BF-41F2-A575-5E1AD6DB06FE}.Debug|x64.Build.0 = Debug|Any CPU
		{1EF8CC6D-78BF-41F2-A575-5E1AD6DB06FE}.Debug|x86.ActiveCfg = Debug|Any CPU
		{1EF8CC6D-78BF-41F2-A575-5E1AD6DB06FE}.Debug|x86.Build.0 = Debug|Any CPU
		{1EF8CC6D-78BF-41F2-A575-5E1AD6DB06FE}.Release|Any CPU.ActiveCfg = Release|Any CPU
		{1EF8CC6D-78BF-41F2-A575-5E1AD6DB06FE}.Release|Any CPU.Build.0 = Release|Any CPU
		{1EF8CC6D-78BF-41F2-A575-5E1AD6DB06FE}.Release|x64.ActiveCfg = Release|Any CPU
		{1EF8CC6D-78BF-41F2-A575-5E1AD6DB06FE}.Release|x64.Build.0 = Release|Any CPU
		{1EF8CC6D-78BF-41F2-A575-5E1AD6DB06FE}.Release|x86.ActiveCfg = Release|Any CPU
		{1EF8CC6D-78BF-41F2-A575-5E1AD6DB06FE}.Release|x86.Build.0 = Release|Any CPU
	EndGlobalSection
EndGlobal
